
Microsoft Visual Studio Solution File, Format Version 12.00
# Visual Studio Version 16
VisualStudioVersion = 16.0.29006.145
MinimumVisualStudioVersion = 15.0.26124.0
Project("{FAE04EC0-301F-11D3-BF4B-00C04F79EFBC}") = "TeBeCo.Scaffolding.Analyzers", "src\TeBeCo.Scaffolding.Analyzers\TeBeCo.Scaffolding.Analyzers.csproj", "{A700D4ED-8073-4586-A59B-01FA1947CFC6}"
EndProject
Project("{FAE04EC0-301F-11D3-BF4B-00C04F79EFBC}") = "TeBeCo.Scaffolding.Analyzers.Test", "test\TeBeCo.Scaffolding.Analyzers.Test\TeBeCo.Scaffolding.Analyzers.Test.csproj", "{EDCEAF58-2660-425E-A010-C9593E494801}"
EndProject
Project("{FAE04EC0-301F-11D3-BF4B-00C04F79EFBC}") = "TeBeCo.Scaffolding.Analyzers.Vsix", "vsix\TeBeCo.Scaffolding.Analyzers.Vsix\TeBeCo.Scaffolding.Analyzers.Vsix.csproj", "{46440001-F03F-4986-8C2E-23232B1E600C}"
EndProject
Project("{2150E333-8FDC-42A3-9474-1A3956D46DE8}") = "src", "src", "{5DF69424-AA1D-4815-9FC8-5A1245C65E60}"
EndProject
Project("{2150E333-8FDC-42A3-9474-1A3956D46DE8}") = "test", "test", "{728A1535-C311-4F2F-9A73-A5D002337C28}"
EndProject
Global
	GlobalSection(SolutionConfigurationPlatforms) = preSolution
		Debug|Any CPU = Debug|Any CPU
		Debug|x64 = Debug|x64
		Debug|x86 = Debug|x86
		Release|Any CPU = Release|Any CPU
		Release|x64 = Release|x64
		Release|x86 = Release|x86
	EndGlobalSection
	GlobalSection(ProjectConfigurationPlatforms) = postSolution
		{A700D4ED-8073-4586-A59B-01FA1947CFC6}.Debug|Any CPU.ActiveCfg = Debug|Any CPU
		{A700D4ED-8073-4586-A59B-01FA1947CFC6}.Debug|Any CPU.Build.0 = Debug|Any CPU
		{A700D4ED-8073-4586-A59B-01FA1947CFC6}.Debug|x64.ActiveCfg = Debug|Any CPU
		{A700D4ED-8073-4586-A59B-01FA1947CFC6}.Debug|x64.Build.0 = Debug|Any CPU
		{A700D4ED-8073-4586-A59B-01FA1947CFC6}.Debug|x86.ActiveCfg = Debug|Any CPU
		{A700D4ED-8073-4586-A59B-01FA1947CFC6}.Debug|x86.Build.0 = Debug|Any CPU
		{A700D4ED-8073-4586-A59B-01FA1947CFC6}.Release|Any CPU.ActiveCfg = Release|Any CPU
		{A700D4ED-8073-4586-A59B-01FA1947CFC6}.Release|Any CPU.Build.0 = Release|Any CPU
		{A700D4ED-8073-4586-A59B-01FA1947CFC6}.Release|x64.ActiveCfg = Release|Any CPU
		{A700D4ED-8073-4586-A59B-01FA1947CFC6}.Release|x64.Build.0 = Release|Any CPU
		{A700D4ED-8073-4586-A59B-01FA1947CFC6}.Release|x86.ActiveCfg = Release|Any CPU
		{A700D4ED-8073-4586-A59B-01FA1947CFC6}.Release|x86.Build.0 = Release|Any CPU
		{EDCEAF58-2660-425E-A010-C9593E494801}.Debug|Any CPU.ActiveCfg = Debug|Any CPU
		{EDCEAF58-2660-425E-A010-C9593E494801}.Debug|Any CPU.Build.0 = Debug|Any CPU
		{EDCEAF58-2660-425E-A010-C9593E494801}.Debug|x64.ActiveCfg = Debug|Any CPU
		{EDCEAF58-2660-425E-A010-C9593E494801}.Debug|x64.Build.0 = Debug|Any CPU
		{EDCEAF58-2660-425E-A010-C9593E494801}.Debug|x86.ActiveCfg = Debug|Any CPU
		{EDCEAF58-2660-425E-A010-C9593E494801}.Debug|x86.Build.0 = Debug|Any CPU
		{EDCEAF58-2660-425E-A010-C9593E494801}.Release|Any CPU.ActiveCfg = Release|Any CPU
		{EDCEAF58-2660-425E-A010-C9593E494801}.Release|Any CPU.Build.0 = Release|Any CPU
		{EDCEAF58-2660-425E-A010-C9593E494801}.Release|x64.ActiveCfg = Release|Any CPU
		{EDCEAF58-2660-425E-A010-C9593E494801}.Release|x64.Build.0 = Release|Any CPU
		{EDCEAF58-2660-425E-A010-C9593E494801}.Release|x86.ActiveCfg = Release|Any CPU
		{EDCEAF58-2660-425E-A010-C9593E494801}.Release|x86.Build.0 = Release|Any CPU
		{46440001-F03F-4986-8C2E-23232B1E600C}.Debug|Any CPU.ActiveCfg = Debug|Any CPU
		{46440001-F03F-4986-8C2E-23232B1E600C}.Debug|Any CPU.Build.0 = Debug|Any CPU
		{46440001-F03F-4986-8C2E-23232B1E600C}.Debug|x64.ActiveCfg = Debug|Any CPU
		{46440001-F03F-4986-8C2E-23232B1E600C}.Debug|x64.Build.0 = Debug|Any CPU
		{46440001-F03F-4986-8C2E-23232B1E600C}.Debug|x86.ActiveCfg = Debug|Any CPU
		{46440001-F03F-4986-8C2E-23232B1E600C}.Debug|x86.Build.0 = Debug|Any CPU
		{46440001-F03F-4986-8C2E-23232B1E600C}.Release|Any CPU.ActiveCfg = Release|Any CPU
		{46440001-F03F-4986-8C2E-23232B1E600C}.Release|Any CPU.Build.0 = Release|Any CPU
		{46440001-F03F-4986-8C2E-23232B1E600C}.Release|x64.ActiveCfg = Release|Any CPU
		{46440001-F03F-4986-8C2E-23232B1E600C}.Release|x64.Build.0 = Release|Any CPU
		{46440001-F03F-4986-8C2E-23232B1E600C}.Release|x86.ActiveCfg = Release|Any CPU
		{46440001-F03F-4986-8C2E-23232B1E600C}.Release|x86.Build.0 = Release|Any CPU
	EndGlobalSection
	GlobalSection(SolutionProperties) = preSolution
		HideSolutionNode = FALSE
	EndGlobalSection
	GlobalSection(NestedProjects) = preSolution
		{A700D4ED-8073-4586-A59B-01FA1947CFC6} = {5DF69424-AA1D-4815-9FC8-5A1245C65E60}
		{EDCEAF58-2660-425E-A010-C9593E494801} = {728A1535-C311-4F2F-9A73-A5D002337C28}
	EndGlobalSection
	GlobalSection(ExtensibilityGlobals) = postSolution
		SolutionGuid = {7D0459E1-CB9B-4857-86AA-F05AD3A59CB3}
	EndGlobalSection
EndGlobal
